// !$*UTF8*$!
{
	archiveVersion = 1;
	classes = {
	};
	objectVersion = 46;
	objects = {

/* Begin PBXBuildFile section */
		5A10B2D022E3F84F006DD07A /* CXDemoAdapter.m in Sources */ = {isa = PBXBuildFile; fileRef = 5A10B2CF22E3F84F006DD07A /* CXDemoAdapter.m */; };
		5A10B2D322E3FD47006DD07A /* CXDemo1Item.m in Sources */ = {isa = PBXBuildFile; fileRef = 5A10B2D222E3FD47006DD07A /* CXDemo1Item.m */; };
		5A9DBDE622E310B80070B2A9 /* CXDemoTableViewCell.m in Sources */ = {isa = PBXBuildFile; fileRef = 5A9DBDE522E310B80070B2A9 /* CXDemoTableViewCell.m */; };
		5A9DBDE922E310E20070B2A9 /* CXDemoDataSource.m in Sources */ = {isa = PBXBuildFile; fileRef = 5A9DBDE822E310E20070B2A9 /* CXDemoDataSource.m */; };
		5A9DBDEC22E312EB0070B2A9 /* CXDemoItem.m in Sources */ = {isa = PBXBuildFile; fileRef = 5A9DBDEB22E312EB0070B2A9 /* CXDemoItem.m */; };
		5A9DBDEF22E317400070B2A9 /* CXDemo1TableViewCell.m in Sources */ = {isa = PBXBuildFile; fileRef = 5A9DBDEE22E317400070B2A9 /* CXDemo1TableViewCell.m */; };
		5A9DBDF122E321190070B2A9 /* CXDemoTableViewCell.xib in Resources */ = {isa = PBXBuildFile; fileRef = 5A9DBDF022E321190070B2A9 /* CXDemoTableViewCell.xib */; };
		5A9DBDF322E321640070B2A9 /* CXDemo1TableViewCell.xib in Resources */ = {isa = PBXBuildFile; fileRef = 5A9DBDF222E321640070B2A9 /* CXDemo1TableViewCell.xib */; };
		5A9DBDF922E333CC0070B2A9 /* CXDemoViewController.m in Sources */ = {isa = PBXBuildFile; fileRef = 5A9DBDF822E333CC0070B2A9 /* CXDemoViewController.m */; };
		5A9DBE0722E33A930070B2A9 /* CXTableView.m in Sources */ = {isa = PBXBuildFile; fileRef = 5A9DBE0022E33A920070B2A9 /* CXTableView.m */; };
		5A9DBE0822E33A930070B2A9 /* CXTableViewController.m in Sources */ = {isa = PBXBuildFile; fileRef = 5A9DBE0122E33A920070B2A9 /* CXTableViewController.m */; };
		5A9DBE0922E33A930070B2A9 /* CXTableViewDataSource.m in Sources */ = {isa = PBXBuildFile; fileRef = 5A9DBE0222E33A920070B2A9 /* CXTableViewDataSource.m */; };
		5A9DBE0A22E33A930070B2A9 /* CXTableViewSectionModel.m in Sources */ = {isa = PBXBuildFile; fileRef = 5A9DBE0322E33A920070B2A9 /* CXTableViewSectionModel.m */; };
		5A9DBE0B22E33A930070B2A9 /* CXBaseTableViewCell.m in Sources */ = {isa = PBXBuildFile; fileRef = 5A9DBE0422E33A920070B2A9 /* CXBaseTableViewCell.m */; };
		5A9DBE0E22E374B70070B2A9 /* CXDemo1ViewController.m in Sources */ = {isa = PBXBuildFile; fileRef = 5A9DBE0D22E374B70070B2A9 /* CXDemo1ViewController.m */; };
		5AEA76D322E6FF290067604F /* UIScrollView+SVPullToRefresh.m in Sources */ = {isa = PBXBuildFile; fileRef = 5AEA76CE22E6FF280067604F /* UIScrollView+SVPullToRefresh.m */; };
		5AEA76D422E6FF290067604F /* UIScrollView+SVInfiniteScrolling.m in Sources */ = {isa = PBXBuildFile; fileRef = 5AEA76CF22E6FF280067604F /* UIScrollView+SVInfiniteScrolling.m */; };
		5AEA76FD22E9AC870067604F /* CXResponder.m in Sources */ = {isa = PBXBuildFile; fileRef = 5AEA76FC22E9AC870067604F /* CXResponder.m */; };
		5AFFA90122E6AAF300938904 /* CXTableView+CXEmpty.m in Sources */ = {isa = PBXBuildFile; fileRef = 5AFFA90022E6AAF300938904 /* CXTableView+CXEmpty.m */; };
		5AFFA90422E6DA6700938904 /* CXEmptyView.m in Sources */ = {isa = PBXBuildFile; fileRef = 5AFFA90322E6DA6700938904 /* CXEmptyView.m */; };
		5AFFA90622E6DA7400938904 /* CXEmptyView.xib in Resources */ = {isa = PBXBuildFile; fileRef = 5AFFA90522E6DA7400938904 /* CXEmptyView.xib */; };
		5AFFA90E22E6E61200938904 /* CXDemoTableViewDelegate.m in Sources */ = {isa = PBXBuildFile; fileRef = 5AFFA90D22E6E61200938904 /* CXDemoTableViewDelegate.m */; };
		6003F58E195388D20070C39A /* Foundation.framework in Frameworks */ = {isa = PBXBuildFile; fileRef = 6003F58D195388D20070C39A /* Foundation.framework */; };
		6003F590195388D20070C39A /* CoreGraphics.framework in Frameworks */ = {isa = PBXBuildFile; fileRef = 6003F58F195388D20070C39A /* CoreGraphics.framework */; };
		6003F592195388D20070C39A /* UIKit.framework in Frameworks */ = {isa = PBXBuildFile; fileRef = 6003F591195388D20070C39A /* UIKit.framework */; };
		6003F598195388D20070C39A /* InfoPlist.strings in Resources */ = {isa = PBXBuildFile; fileRef = 6003F596195388D20070C39A /* InfoPlist.strings */; };
		6003F59A195388D20070C39A /* main.m in Sources */ = {isa = PBXBuildFile; fileRef = 6003F599195388D20070C39A /* main.m */; };
		6003F59E195388D20070C39A /* CXAppDelegate.m in Sources */ = {isa = PBXBuildFile; fileRef = 6003F59D195388D20070C39A /* CXAppDelegate.m */; };
		6003F5A7195388D20070C39A /* CXViewController.m in Sources */ = {isa = PBXBuildFile; fileRef = 6003F5A6195388D20070C39A /* CXViewController.m */; };
		6003F5A9195388D20070C39A /* Images.xcassets in Resources */ = {isa = PBXBuildFile; fileRef = 6003F5A8195388D20070C39A /* Images.xcassets */; };
		6003F5B0195388D20070C39A /* XCTest.framework in Frameworks */ = {isa = PBXBuildFile; fileRef = 6003F5AF195388D20070C39A /* XCTest.framework */; };
		6003F5B1195388D20070C39A /* Foundation.framework in Frameworks */ = {isa = PBXBuildFile; fileRef = 6003F58D195388D20070C39A /* Foundation.framework */; };
		6003F5B2195388D20070C39A /* UIKit.framework in Frameworks */ = {isa = PBXBuildFile; fileRef = 6003F591195388D20070C39A /* UIKit.framework */; };
		6003F5BA195388D20070C39A /* InfoPlist.strings in Resources */ = {isa = PBXBuildFile; fileRef = 6003F5B8195388D20070C39A /* InfoPlist.strings */; };
		6003F5BC195388D20070C39A /* Tests.m in Sources */ = {isa = PBXBuildFile; fileRef = 6003F5BB195388D20070C39A /* Tests.m */; };
		71719F9F1E33DC2100824A3D /* LaunchScreen.storyboard in Resources */ = {isa = PBXBuildFile; fileRef = 71719F9D1E33DC2100824A3D /* LaunchScreen.storyboard */; };
		873B8AEB1B1F5CCA007FD442 /* Main.storyboard in Resources */ = {isa = PBXBuildFile; fileRef = 873B8AEA1B1F5CCA007FD442 /* Main.storyboard */; };
		A6B89E32FA12167E17D221A0 /* Pods_CXTableView_Example.framework in Frameworks */ = {isa = PBXBuildFile; fileRef = 859E87F451D9EB7ADB3A59EF /* Pods_CXTableView_Example.framework */; };
		AF45D06B447CE3C2C073BE3C /* Pods_CXTableView_Tests.framework in Frameworks */ = {isa = PBXBuildFile; fileRef = 33D51293F3AF0236BA0DA53C /* Pods_CXTableView_Tests.framework */; };
/* End PBXBuildFile section */

/* Begin PBXContainerItemProxy section */
		6003F5B3195388D20070C39A /* PBXContainerItemProxy */ = {
			isa = PBXContainerItemProxy;
			containerPortal = 6003F582195388D10070C39A /* Project object */;
			proxyType = 1;
			remoteGlobalIDString = 6003F589195388D20070C39A;
			remoteInfo = CXTableView;
		};
/* End PBXContainerItemProxy section */

/* Begin PBXFileReference section */
		0041CF04E42827B33AFA4F20 /* LICENSE */ = {isa = PBXFileReference; includeInIndex = 1; lastKnownFileType = text; name = LICENSE; path = ../LICENSE; sourceTree = "<group>"; };
		0AC224CAAAA4C4E8A73FF372 /* CXTableView.podspec */ = {isa = PBXFileReference; includeInIndex = 1; lastKnownFileType = text; name = CXTableView.podspec; path = ../CXTableView.podspec; sourceTree = "<group>"; xcLanguageSpecificationIdentifier = xcode.lang.ruby; };
		33D51293F3AF0236BA0DA53C /* Pods_CXTableView_Tests.framework */ = {isa = PBXFileReference; explicitFileType = wrapper.framework; includeInIndex = 0; path = Pods_CXTableView_Tests.framework; sourceTree = BUILT_PRODUCTS_DIR; };
		5A10B2CE22E3F84F006DD07A /* CXDemoAdapter.h */ = {isa = PBXFileReference; lastKnownFileType = sourcecode.c.h; path = CXDemoAdapter.h; sourceTree = "<group>"; };
		5A10B2CF22E3F84F006DD07A /* CXDemoAdapter.m */ = {isa = PBXFileReference; lastKnownFileType = sourcecode.c.objc; path = CXDemoAdapter.m; sourceTree = "<group>"; };
		5A10B2D122E3FD47006DD07A /* CXDemo1Item.h */ = {isa = PBXFileReference; lastKnownFileType = sourcecode.c.h; path = CXDemo1Item.h; sourceTree = "<group>"; };
		5A10B2D222E3FD47006DD07A /* CXDemo1Item.m */ = {isa = PBXFileReference; lastKnownFileType = sourcecode.c.objc; path = CXDemo1Item.m; sourceTree = "<group>"; };
		5A9DBDE422E310B80070B2A9 /* CXDemoTableViewCell.h */ = {isa = PBXFileReference; lastKnownFileType = sourcecode.c.h; path = CXDemoTableViewCell.h; sourceTree = "<group>"; };
		5A9DBDE522E310B80070B2A9 /* CXDemoTableViewCell.m */ = {isa = PBXFileReference; lastKnownFileType = sourcecode.c.objc; path = CXDemoTableViewCell.m; sourceTree = "<group>"; };
		5A9DBDE722E310E20070B2A9 /* CXDemoDataSource.h */ = {isa = PBXFileReference; lastKnownFileType = sourcecode.c.h; path = CXDemoDataSource.h; sourceTree = "<group>"; };
		5A9DBDE822E310E20070B2A9 /* CXDemoDataSource.m */ = {isa = PBXFileReference; lastKnownFileType = sourcecode.c.objc; path = CXDemoDataSource.m; sourceTree = "<group>"; };
		5A9DBDEA22E312EB0070B2A9 /* CXDemoItem.h */ = {isa = PBXFileReference; lastKnownFileType = sourcecode.c.h; path = CXDemoItem.h; sourceTree = "<group>"; };
		5A9DBDEB22E312EB0070B2A9 /* CXDemoItem.m */ = {isa = PBXFileReference; lastKnownFileType = sourcecode.c.objc; path = CXDemoItem.m; sourceTree = "<group>"; };
		5A9DBDED22E317400070B2A9 /* CXDemo1TableViewCell.h */ = {isa = PBXFileReference; lastKnownFileType = sourcecode.c.h; path = CXDemo1TableViewCell.h; sourceTree = "<group>"; };
		5A9DBDEE22E317400070B2A9 /* CXDemo1TableViewCell.m */ = {isa = PBXFileReference; lastKnownFileType = sourcecode.c.objc; path = CXDemo1TableViewCell.m; sourceTree = "<group>"; };
		5A9DBDF022E321190070B2A9 /* CXDemoTableViewCell.xib */ = {isa = PBXFileReference; lastKnownFileType = file.xib; path = CXDemoTableViewCell.xib; sourceTree = "<group>"; };
		5A9DBDF222E321640070B2A9 /* CXDemo1TableViewCell.xib */ = {isa = PBXFileReference; lastKnownFileType = file.xib; path = CXDemo1TableViewCell.xib; sourceTree = "<group>"; };
		5A9DBDF722E333CC0070B2A9 /* CXDemoViewController.h */ = {isa = PBXFileReference; lastKnownFileType = sourcecode.c.h; path = CXDemoViewController.h; sourceTree = "<group>"; };
		5A9DBDF822E333CC0070B2A9 /* CXDemoViewController.m */ = {isa = PBXFileReference; lastKnownFileType = sourcecode.c.objc; path = CXDemoViewController.m; sourceTree = "<group>"; };
		5A9DBDFB22E33A920070B2A9 /* CXTableViewDataSourceProtocol.h */ = {isa = PBXFileReference; fileEncoding = 4; lastKnownFileType = sourcecode.c.h; path = CXTableViewDataSourceProtocol.h; sourceTree = "<group>"; };
		5A9DBDFC22E33A920070B2A9 /* CXTableViewController.h */ = {isa = PBXFileReference; fileEncoding = 4; lastKnownFileType = sourcecode.c.h; path = CXTableViewController.h; sourceTree = "<group>"; };
		5A9DBDFD22E33A920070B2A9 /* CXBaseTableViewCell.h */ = {isa = PBXFileReference; fileEncoding = 4; lastKnownFileType = sourcecode.c.h; path = CXBaseTableViewCell.h; sourceTree = "<group>"; };
		5A9DBDFE22E33A920070B2A9 /* CXTableViewSectionModel.h */ = {isa = PBXFileReference; fileEncoding = 4; lastKnownFileType = sourcecode.c.h; path = CXTableViewSectionModel.h; sourceTree = "<group>"; };
		5A9DBDFF22E33A920070B2A9 /* CXTableViewDataSource.h */ = {isa = PBXFileReference; fileEncoding = 4; lastKnownFileType = sourcecode.c.h; path = CXTableViewDataSource.h; sourceTree = "<group>"; };
		5A9DBE0022E33A920070B2A9 /* CXTableView.m */ = {isa = PBXFileReference; fileEncoding = 4; lastKnownFileType = sourcecode.c.objc; path = CXTableView.m; sourceTree = "<group>"; };
		5A9DBE0122E33A920070B2A9 /* CXTableViewController.m */ = {isa = PBXFileReference; fileEncoding = 4; lastKnownFileType = sourcecode.c.objc; path = CXTableViewController.m; sourceTree = "<group>"; };
		5A9DBE0222E33A920070B2A9 /* CXTableViewDataSource.m */ = {isa = PBXFileReference; fileEncoding = 4; lastKnownFileType = sourcecode.c.objc; path = CXTableViewDataSource.m; sourceTree = "<group>"; };
		5A9DBE0322E33A920070B2A9 /* CXTableViewSectionModel.m */ = {isa = PBXFileReference; fileEncoding = 4; lastKnownFileType = sourcecode.c.objc; path = CXTableViewSectionModel.m; sourceTree = "<group>"; };
		5A9DBE0422E33A920070B2A9 /* CXBaseTableViewCell.m */ = {isa = PBXFileReference; fileEncoding = 4; lastKnownFileType = sourcecode.c.objc; path = CXBaseTableViewCell.m; sourceTree = "<group>"; };
		5A9DBE0522E33A920070B2A9 /* CXTableViewDelegateProtocol.h */ = {isa = PBXFileReference; fileEncoding = 4; lastKnownFileType = sourcecode.c.h; path = CXTableViewDelegateProtocol.h; sourceTree = "<group>"; };
		5A9DBE0622E33A920070B2A9 /* CXTableView.h */ = {isa = PBXFileReference; fileEncoding = 4; lastKnownFileType = sourcecode.c.h; path = CXTableView.h; sourceTree = "<group>"; };
		5A9DBE0C22E374B70070B2A9 /* CXDemo1ViewController.h */ = {isa = PBXFileReference; lastKnownFileType = sourcecode.c.h; path = CXDemo1ViewController.h; sourceTree = "<group>"; };
		5A9DBE0D22E374B70070B2A9 /* CXDemo1ViewController.m */ = {isa = PBXFileReference; lastKnownFileType = sourcecode.c.objc; path = CXDemo1ViewController.m; sourceTree = "<group>"; };
		5AEA76CE22E6FF280067604F /* UIScrollView+SVPullToRefresh.m */ = {isa = PBXFileReference; fileEncoding = 4; lastKnownFileType = sourcecode.c.objc; path = "UIScrollView+SVPullToRefresh.m"; sourceTree = "<group>"; };
		5AEA76CF22E6FF280067604F /* UIScrollView+SVInfiniteScrolling.m */ = {isa = PBXFileReference; fileEncoding = 4; lastKnownFileType = sourcecode.c.objc; path = "UIScrollView+SVInfiniteScrolling.m"; sourceTree = "<group>"; };
		5AEA76D022E6FF280067604F /* SVPullToRefresh.h */ = {isa = PBXFileReference; fileEncoding = 4; lastKnownFileType = sourcecode.c.h; path = SVPullToRefresh.h; sourceTree = "<group>"; };
		5AEA76D122E6FF280067604F /* UIScrollView+SVInfiniteScrolling.h */ = {isa = PBXFileReference; fileEncoding = 4; lastKnownFileType = sourcecode.c.h; path = "UIScrollView+SVInfiniteScrolling.h"; sourceTree = "<group>"; };
		5AEA76D222E6FF290067604F /* UIScrollView+SVPullToRefresh.h */ = {isa = PBXFileReference; fileEncoding = 4; lastKnownFileType = sourcecode.c.h; path = "UIScrollView+SVPullToRefresh.h"; sourceTree = "<group>"; };
		5AEA76FB22E9AC870067604F /* CXResponder.h */ = {isa = PBXFileReference; lastKnownFileType = sourcecode.c.h; path = CXResponder.h; sourceTree = "<group>"; };
		5AEA76FC22E9AC870067604F /* CXResponder.m */ = {isa = PBXFileReference; lastKnownFileType = sourcecode.c.objc; path = CXResponder.m; sourceTree = "<group>"; };
		5AFFA8FF22E6AAF300938904 /* CXTableView+CXEmpty.h */ = {isa = PBXFileReference; lastKnownFileType = sourcecode.c.h; path = "CXTableView+CXEmpty.h"; sourceTree = "<group>"; };
		5AFFA90022E6AAF300938904 /* CXTableView+CXEmpty.m */ = {isa = PBXFileReference; lastKnownFileType = sourcecode.c.objc; path = "CXTableView+CXEmpty.m"; sourceTree = "<group>"; };
		5AFFA90222E6DA6700938904 /* CXEmptyView.h */ = {isa = PBXFileReference; lastKnownFileType = sourcecode.c.h; path = CXEmptyView.h; sourceTree = "<group>"; };
		5AFFA90322E6DA6700938904 /* CXEmptyView.m */ = {isa = PBXFileReference; lastKnownFileType = sourcecode.c.objc; path = CXEmptyView.m; sourceTree = "<group>"; };
		5AFFA90522E6DA7400938904 /* CXEmptyView.xib */ = {isa = PBXFileReference; lastKnownFileType = file.xib; path = CXEmptyView.xib; sourceTree = "<group>"; };
		5AFFA90C22E6E61100938904 /* CXDemoTableViewDelegate.h */ = {isa = PBXFileReference; lastKnownFileType = sourcecode.c.h; path = CXDemoTableViewDelegate.h; sourceTree = "<group>"; };
		5AFFA90D22E6E61200938904 /* CXDemoTableViewDelegate.m */ = {isa = PBXFileReference; lastKnownFileType = sourcecode.c.objc; path = CXDemoTableViewDelegate.m; sourceTree = "<group>"; };
		6003F58A195388D20070C39A /* CXTableView_Example.app */ = {isa = PBXFileReference; explicitFileType = wrapper.application; includeInIndex = 0; path = CXTableView_Example.app; sourceTree = BUILT_PRODUCTS_DIR; };
		6003F58D195388D20070C39A /* Foundation.framework */ = {isa = PBXFileReference; lastKnownFileType = wrapper.framework; name = Foundation.framework; path = System/Library/Frameworks/Foundation.framework; sourceTree = SDKROOT; };
		6003F58F195388D20070C39A /* CoreGraphics.framework */ = {isa = PBXFileReference; lastKnownFileType = wrapper.framework; name = CoreGraphics.framework; path = System/Library/Frameworks/CoreGraphics.framework; sourceTree = SDKROOT; };
		6003F591195388D20070C39A /* UIKit.framework */ = {isa = PBXFileReference; lastKnownFileType = wrapper.framework; name = UIKit.framework; path = System/Library/Frameworks/UIKit.framework; sourceTree = SDKROOT; };
		6003F595195388D20070C39A /* CXTableView-Info.plist */ = {isa = PBXFileReference; lastKnownFileType = text.plist.xml; path = "CXTableView-Info.plist"; sourceTree = "<group>"; };
		6003F597195388D20070C39A /* en */ = {isa = PBXFileReference; lastKnownFileType = text.plist.strings; name = en; path = en.lproj/InfoPlist.strings; sourceTree = "<group>"; };
		6003F599195388D20070C39A /* main.m */ = {isa = PBXFileReference; lastKnownFileType = sourcecode.c.objc; path = main.m; sourceTree = "<group>"; };
		6003F59B195388D20070C39A /* CXTableView-Prefix.pch */ = {isa = PBXFileReference; lastKnownFileType = sourcecode.c.h; path = "CXTableView-Prefix.pch"; sourceTree = "<group>"; };
		6003F59C195388D20070C39A /* CXAppDelegate.h */ = {isa = PBXFileReference; lastKnownFileType = sourcecode.c.h; path = CXAppDelegate.h; sourceTree = "<group>"; };
		6003F59D195388D20070C39A /* CXAppDelegate.m */ = {isa = PBXFileReference; lastKnownFileType = sourcecode.c.objc; path = CXAppDelegate.m; sourceTree = "<group>"; };
		6003F5A5195388D20070C39A /* CXViewController.h */ = {isa = PBXFileReference; lastKnownFileType = sourcecode.c.h; path = CXViewController.h; sourceTree = "<group>"; };
		6003F5A6195388D20070C39A /* CXViewController.m */ = {isa = PBXFileReference; lastKnownFileType = sourcecode.c.objc; path = CXViewController.m; sourceTree = "<group>"; };
		6003F5A8195388D20070C39A /* Images.xcassets */ = {isa = PBXFileReference; lastKnownFileType = folder.assetcatalog; path = Images.xcassets; sourceTree = "<group>"; };
		6003F5AE195388D20070C39A /* CXTableView_Tests.xctest */ = {isa = PBXFileReference; explicitFileType = wrapper.cfbundle; includeInIndex = 0; path = CXTableView_Tests.xctest; sourceTree = BUILT_PRODUCTS_DIR; };
		6003F5AF195388D20070C39A /* XCTest.framework */ = {isa = PBXFileReference; lastKnownFileType = wrapper.framework; name = XCTest.framework; path = Library/Frameworks/XCTest.framework; sourceTree = DEVELOPER_DIR; };
		6003F5B7195388D20070C39A /* Tests-Info.plist */ = {isa = PBXFileReference; lastKnownFileType = text.plist.xml; path = "Tests-Info.plist"; sourceTree = "<group>"; };
		6003F5B9195388D20070C39A /* en */ = {isa = PBXFileReference; lastKnownFileType = text.plist.strings; name = en; path = en.lproj/InfoPlist.strings; sourceTree = "<group>"; };
		6003F5BB195388D20070C39A /* Tests.m */ = {isa = PBXFileReference; lastKnownFileType = sourcecode.c.objc; path = Tests.m; sourceTree = "<group>"; };
		606FC2411953D9B200FFA9A0 /* Tests-Prefix.pch */ = {isa = PBXFileReference; lastKnownFileType = sourcecode.c.h; path = "Tests-Prefix.pch"; sourceTree = "<group>"; };
		71719F9E1E33DC2100824A3D /* Base */ = {isa = PBXFileReference; lastKnownFileType = file.storyboard; name = Base; path = Base.lproj/LaunchScreen.storyboard; sourceTree = "<group>"; };
		859E87F451D9EB7ADB3A59EF /* Pods_CXTableView_Example.framework */ = {isa = PBXFileReference; explicitFileType = wrapper.framework; includeInIndex = 0; path = Pods_CXTableView_Example.framework; sourceTree = BUILT_PRODUCTS_DIR; };
		873B8AEA1B1F5CCA007FD442 /* Main.storyboard */ = {isa = PBXFileReference; fileEncoding = 4; lastKnownFileType = file.storyboard; name = Main.storyboard; path = Base.lproj/Main.storyboard; sourceTree = "<group>"; };
		92761CB374DC4B0AFB1FAB8F /* Pods-CXTableView_Example.debug.xcconfig */ = {isa = PBXFileReference; includeInIndex = 1; lastKnownFileType = text.xcconfig; name = "Pods-CXTableView_Example.debug.xcconfig"; path = "Pods/Target Support Files/Pods-CXTableView_Example/Pods-CXTableView_Example.debug.xcconfig"; sourceTree = "<group>"; };
		9922E56210FD7C41C8C2185C /* Pods-CXTableView_Tests.release.xcconfig */ = {isa = PBXFileReference; includeInIndex = 1; lastKnownFileType = text.xcconfig; name = "Pods-CXTableView_Tests.release.xcconfig"; path = "Pods/Target Support Files/Pods-CXTableView_Tests/Pods-CXTableView_Tests.release.xcconfig"; sourceTree = "<group>"; };
		CC5648688817CF7B57A037E4 /* README.md */ = {isa = PBXFileReference; includeInIndex = 1; lastKnownFileType = net.daringfireball.markdown; name = README.md; path = ../README.md; sourceTree = "<group>"; };
		E5613A326726169D20525ED0 /* Pods-CXTableView_Example.release.xcconfig */ = {isa = PBXFileReference; includeInIndex = 1; lastKnownFileType = text.xcconfig; name = "Pods-CXTableView_Example.release.xcconfig"; path = "Pods/Target Support Files/Pods-CXTableView_Example/Pods-CXTableView_Example.release.xcconfig"; sourceTree = "<group>"; };
		F3E9BD62BABD9E2515AE9420 /* Pods-CXTableView_Tests.debug.xcconfig */ = {isa = PBXFileReference; includeInIndex = 1; lastKnownFileType = text.xcconfig; name = "Pods-CXTableView_Tests.debug.xcconfig"; path = "Pods/Target Support Files/Pods-CXTableView_Tests/Pods-CXTableView_Tests.debug.xcconfig"; sourceTree = "<group>"; };
/* End PBXFileReference section */

/* Begin PBXFrameworksBuildPhase section */
		6003F587195388D20070C39A /* Frameworks */ = {
			isa = PBXFrameworksBuildPhase;
			buildActionMask = 2147483647;
			files = (
				6003F590195388D20070C39A /* CoreGraphics.framework in Frameworks */,
				6003F592195388D20070C39A /* UIKit.framework in Frameworks */,
				6003F58E195388D20070C39A /* Foundation.framework in Frameworks */,
				A6B89E32FA12167E17D221A0 /* Pods_CXTableView_Example.framework in Frameworks */,
			);
			runOnlyForDeploymentPostprocessing = 0;
		};
		6003F5AB195388D20070C39A /* Frameworks */ = {
			isa = PBXFrameworksBuildPhase;
			buildActionMask = 2147483647;
			files = (
				6003F5B0195388D20070C39A /* XCTest.framework in Frameworks */,
				6003F5B2195388D20070C39A /* UIKit.framework in Frameworks */,
				6003F5B1195388D20070C39A /* Foundation.framework in Frameworks */,
				AF45D06B447CE3C2C073BE3C /* Pods_CXTableView_Tests.framework in Frameworks */,
			);
			runOnlyForDeploymentPostprocessing = 0;
		};
/* End PBXFrameworksBuildPhase section */

/* Begin PBXGroup section */
		4E732FF4FD9C58FD9ECB512E /* Pods */ = {
			isa = PBXGroup;
			children = (
				92761CB374DC4B0AFB1FAB8F /* Pods-CXTableView_Example.debug.xcconfig */,
				E5613A326726169D20525ED0 /* Pods-CXTableView_Example.release.xcconfig */,
				F3E9BD62BABD9E2515AE9420 /* Pods-CXTableView_Tests.debug.xcconfig */,
				9922E56210FD7C41C8C2185C /* Pods-CXTableView_Tests.release.xcconfig */,
			);
			name = Pods;
			sourceTree = "<group>";
		};
		5A9DBDFA22E33A920070B2A9 /* Classes */ = {
			isa = PBXGroup;
			children = (
				5AEA76D022E6FF280067604F /* SVPullToRefresh.h */,
				5AEA76D122E6FF280067604F /* UIScrollView+SVInfiniteScrolling.h */,
				5AEA76CF22E6FF280067604F /* UIScrollView+SVInfiniteScrolling.m */,
				5AEA76D222E6FF290067604F /* UIScrollView+SVPullToRefresh.h */,
				5AEA76CE22E6FF280067604F /* UIScrollView+SVPullToRefresh.m */,
				5A9DBDFD22E33A920070B2A9 /* CXBaseTableViewCell.h */,
				5A9DBE0422E33A920070B2A9 /* CXBaseTableViewCell.m */,
				5A9DBE0622E33A920070B2A9 /* CXTableView.h */,
				5A9DBE0022E33A920070B2A9 /* CXTableView.m */,
				5A9DBDFC22E33A920070B2A9 /* CXTableViewController.h */,
				5A9DBE0122E33A920070B2A9 /* CXTableViewController.m */,
				5A9DBDFF22E33A920070B2A9 /* CXTableViewDataSource.h */,
				5A9DBE0222E33A920070B2A9 /* CXTableViewDataSource.m */,
				5A9DBDFB22E33A920070B2A9 /* CXTableViewDataSourceProtocol.h */,
				5A9DBE0522E33A920070B2A9 /* CXTableViewDelegateProtocol.h */,
				5A9DBDFE22E33A920070B2A9 /* CXTableViewSectionModel.h */,
				5A9DBE0322E33A920070B2A9 /* CXTableViewSectionModel.m */,
				5AFFA8FF22E6AAF300938904 /* CXTableView+CXEmpty.h */,
				5AFFA90022E6AAF300938904 /* CXTableView+CXEmpty.m */,
			);
			name = Classes;
			path = ../CXTableView/Classes;
			sourceTree = "<group>";
		};
		5AFFA90722E6E54500938904 /* DemoTableView */ = {
			isa = PBXGroup;
			children = (
				5AFFA90822E6E57D00938904 /* Cells */,
				5AFFA90B22E6E57D00938904 /* Models */,
				5AFFA90922E6E57D00938904 /* ViewControllers */,
				5AFFA90A22E6E57D00938904 /* Views */,
			);
			path = DemoTableView;
			sourceTree = "<group>";
		};
		5AFFA90822E6E57D00938904 /* Cells */ = {
			isa = PBXGroup;
			children = (
				5A9DBDE422E310B80070B2A9 /* CXDemoTableViewCell.h */,
				5A9DBDE522E310B80070B2A9 /* CXDemoTableViewCell.m */,
				5A9DBDF022E321190070B2A9 /* CXDemoTableViewCell.xib */,
				5A9DBDED22E317400070B2A9 /* CXDemo1TableViewCell.h */,
				5A9DBDEE22E317400070B2A9 /* CXDemo1TableViewCell.m */,
				5A9DBDF222E321640070B2A9 /* CXDemo1TableViewCell.xib */,
			);
			path = Cells;
			sourceTree = "<group>";
		};
		5AFFA90922E6E57D00938904 /* ViewControllers */ = {
			isa = PBXGroup;
			children = (
				5A9DBE0C22E374B70070B2A9 /* CXDemo1ViewController.h */,
				5A9DBE0D22E374B70070B2A9 /* CXDemo1ViewController.m */,
				5AFFA90C22E6E61100938904 /* CXDemoTableViewDelegate.h */,
				5AFFA90D22E6E61200938904 /* CXDemoTableViewDelegate.m */,
				5A9DBDF722E333CC0070B2A9 /* CXDemoViewController.h */,
				5A9DBDF822E333CC0070B2A9 /* CXDemoViewController.m */,
			);
			path = ViewControllers;
			sourceTree = "<group>";
		};
		5AFFA90A22E6E57D00938904 /* Views */ = {
			isa = PBXGroup;
			children = (
				5AFFA90222E6DA6700938904 /* CXEmptyView.h */,
				5AFFA90322E6DA6700938904 /* CXEmptyView.m */,
				5AFFA90522E6DA7400938904 /* CXEmptyView.xib */,
			);
			path = Views;
			sourceTree = "<group>";
		};
		5AFFA90B22E6E57D00938904 /* Models */ = {
			isa = PBXGroup;
			children = (
				5A10B2CE22E3F84F006DD07A /* CXDemoAdapter.h */,
				5A10B2CF22E3F84F006DD07A /* CXDemoAdapter.m */,
				5A9DBDEA22E312EB0070B2A9 /* CXDemoItem.h */,
				5A9DBDEB22E312EB0070B2A9 /* CXDemoItem.m */,
				5A10B2D122E3FD47006DD07A /* CXDemo1Item.h */,
				5A10B2D222E3FD47006DD07A /* CXDemo1Item.m */,
				5A9DBDE722E310E20070B2A9 /* CXDemoDataSource.h */,
				5A9DBDE822E310E20070B2A9 /* CXDemoDataSource.m */,
				5AEA76FB22E9AC870067604F /* CXResponder.h */,
				5AEA76FC22E9AC870067604F /* CXResponder.m */,
			);
			path = Models;
			sourceTree = "<group>";
		};
		6003F581195388D10070C39A = {
			isa = PBXGroup;
			children = (
				60FF7A9C1954A5C5007DD14C /* Podspec Metadata */,
				6003F593195388D20070C39A /* Example for CXTableView */,
				6003F5B5195388D20070C39A /* Tests */,
				6003F58C195388D20070C39A /* Frameworks */,
				6003F58B195388D20070C39A /* Products */,
				4E732FF4FD9C58FD9ECB512E /* Pods */,
			);
			sourceTree = "<group>";
		};
		6003F58B195388D20070C39A /* Products */ = {
			isa = PBXGroup;
			children = (
				6003F58A195388D20070C39A /* CXTableView_Example.app */,
				6003F5AE195388D20070C39A /* CXTableView_Tests.xctest */,
			);
			name = Products;
			sourceTree = "<group>";
		};
		6003F58C195388D20070C39A /* Frameworks */ = {
			isa = PBXGroup;
			children = (
				6003F58D195388D20070C39A /* Foundation.framework */,
				6003F58F195388D20070C39A /* CoreGraphics.framework */,
				6003F591195388D20070C39A /* UIKit.framework */,
				6003F5AF195388D20070C39A /* XCTest.framework */,
				859E87F451D9EB7ADB3A59EF /* Pods_CXTableView_Example.framework */,
				33D51293F3AF0236BA0DA53C /* Pods_CXTableView_Tests.framework */,
			);
			name = Frameworks;
			sourceTree = "<group>";
		};
		6003F593195388D20070C39A /* Example for CXTableView */ = {
			isa = PBXGroup;
			children = (
				5AFFA90722E6E54500938904 /* DemoTableView */,
				6003F59C195388D20070C39A /* CXAppDelegate.h */,
				6003F59D195388D20070C39A /* CXAppDelegate.m */,
				873B8AEA1B1F5CCA007FD442 /* Main.storyboard */,
				6003F5A5195388D20070C39A /* CXViewController.h */,
				6003F5A6195388D20070C39A /* CXViewController.m */,
				71719F9D1E33DC2100824A3D /* LaunchScreen.storyboard */,
				6003F5A8195388D20070C39A /* Images.xcassets */,
				6003F594195388D20070C39A /* Supporting Files */,
			);
			name = "Example for CXTableView";
			path = CXTableView;
			sourceTree = "<group>";
		};
		6003F594195388D20070C39A /* Supporting Files */ = {
			isa = PBXGroup;
			children = (
				6003F595195388D20070C39A /* CXTableView-Info.plist */,
				6003F596195388D20070C39A /* InfoPlist.strings */,
				6003F599195388D20070C39A /* main.m */,
				6003F59B195388D20070C39A /* CXTableView-Prefix.pch */,
			);
			name = "Supporting Files";
			sourceTree = "<group>";
		};
		6003F5B5195388D20070C39A /* Tests */ = {
			isa = PBXGroup;
			children = (
				6003F5BB195388D20070C39A /* Tests.m */,
				6003F5B6195388D20070C39A /* Supporting Files */,
			);
			path = Tests;
			sourceTree = "<group>";
		};
		6003F5B6195388D20070C39A /* Supporting Files */ = {
			isa = PBXGroup;
			children = (
				6003F5B7195388D20070C39A /* Tests-Info.plist */,
				6003F5B8195388D20070C39A /* InfoPlist.strings */,
				606FC2411953D9B200FFA9A0 /* Tests-Prefix.pch */,
			);
			name = "Supporting Files";
			sourceTree = "<group>";
		};
		60FF7A9C1954A5C5007DD14C /* Podspec Metadata */ = {
			isa = PBXGroup;
			children = (
				5A9DBDFA22E33A920070B2A9 /* Classes */,
				0AC224CAAAA4C4E8A73FF372 /* CXTableView.podspec */,
				CC5648688817CF7B57A037E4 /* README.md */,
				0041CF04E42827B33AFA4F20 /* LICENSE */,
			);
			name = "Podspec Metadata";
			sourceTree = "<group>";
		};
/* End PBXGroup section */

/* Begin PBXNativeTarget section */
		6003F589195388D20070C39A /* CXTableView_Example */ = {
			isa = PBXNativeTarget;
			buildConfigurationList = 6003F5BF195388D20070C39A /* Build configuration list for PBXNativeTarget "CXTableView_Example" */;
			buildPhases = (
				075D878F696FE2FA1270A14E /* [CP] Check Pods Manifest.lock */,
				6003F586195388D20070C39A /* Sources */,
				6003F587195388D20070C39A /* Frameworks */,
				6003F588195388D20070C39A /* Resources */,
				5AA6CCBF724030CB7B68AD93 /* [CP] Embed Pods Frameworks */,
			);
			buildRules = (
			);
			dependencies = (
			);
			name = CXTableView_Example;
			productName = CXTableView;
			productReference = 6003F58A195388D20070C39A /* CXTableView_Example.app */;
			productType = "com.apple.product-type.application";
		};
		6003F5AD195388D20070C39A /* CXTableView_Tests */ = {
			isa = PBXNativeTarget;
			buildConfigurationList = 6003F5C2195388D20070C39A /* Build configuration list for PBXNativeTarget "CXTableView_Tests" */;
			buildPhases = (
				8D409EBB06BE858BC659FBC5 /* [CP] Check Pods Manifest.lock */,
				6003F5AA195388D20070C39A /* Sources */,
				6003F5AB195388D20070C39A /* Frameworks */,
				6003F5AC195388D20070C39A /* Resources */,
			);
			buildRules = (
			);
			dependencies = (
				6003F5B4195388D20070C39A /* PBXTargetDependency */,
			);
			name = CXTableView_Tests;
			productName = CXTableViewTests;
			productReference = 6003F5AE195388D20070C39A /* CXTableView_Tests.xctest */;
			productType = "com.apple.product-type.bundle.unit-test";
		};
/* End PBXNativeTarget section */

/* Begin PBXProject section */
		6003F582195388D10070C39A /* Project object */ = {
			isa = PBXProject;
			attributes = {
				CLASSPREFIX = CX;
				LastUpgradeCheck = 1010;
				ORGANIZATIONNAME = caixiang305621856;
				TargetAttributes = {
					6003F589195388D20070C39A = {
						DevelopmentTeam = SAD9GVSU92;
					};
					6003F5AD195388D20070C39A = {
						TestTargetID = 6003F589195388D20070C39A;
					};
				};
			};
			buildConfigurationList = 6003F585195388D10070C39A /* Build configuration list for PBXProject "CXTableView" */;
			compatibilityVersion = "Xcode 3.2";
			developmentRegion = English;
			hasScannedForEncodings = 0;
			knownRegions = (
				en,
				Base,
			);
			mainGroup = 6003F581195388D10070C39A;
			productRefGroup = 6003F58B195388D20070C39A /* Products */;
			projectDirPath = "";
			projectRoot = "";
			targets = (
				6003F589195388D20070C39A /* CXTableView_Example */,
				6003F5AD195388D20070C39A /* CXTableView_Tests */,
			);
		};
/* End PBXProject section */

/* Begin PBXResourcesBuildPhase section */
		6003F588195388D20070C39A /* Resources */ = {
			isa = PBXResourcesBuildPhase;
			buildActionMask = 2147483647;
			files = (
				873B8AEB1B1F5CCA007FD442 /* Main.storyboard in Resources */,
				5A9DBDF322E321640070B2A9 /* CXDemo1TableViewCell.xib in Resources */,
				5A9DBDF122E321190070B2A9 /* CXDemoTableViewCell.xib in Resources */,
				71719F9F1E33DC2100824A3D /* LaunchScreen.storyboard in Resources */,
				5AFFA90622E6DA7400938904 /* CXEmptyView.xib in Resources */,
				6003F5A9195388D20070C39A /* Images.xcassets in Resources */,
				6003F598195388D20070C39A /* InfoPlist.strings in Resources */,
			);
			runOnlyForDeploymentPostprocessing = 0;
		};
		6003F5AC195388D20070C39A /* Resources */ = {
			isa = PBXResourcesBuildPhase;
			buildActionMask = 2147483647;
			files = (
				6003F5BA195388D20070C39A /* InfoPlist.strings in Resources */,
			);
			runOnlyForDeploymentPostprocessing = 0;
		};
/* End PBXResourcesBuildPhase section */

/* Begin PBXShellScriptBuildPhase section */
		075D878F696FE2FA1270A14E /* [CP] Check Pods Manifest.lock */ = {
			isa = PBXShellScriptBuildPhase;
			buildActionMask = 2147483647;
			files = (
			);
			inputFileListPaths = (
			);
			inputPaths = (
				"${PODS_PODFILE_DIR_PATH}/Podfile.lock",
				"${PODS_ROOT}/Manifest.lock",
			);
			name = "[CP] Check Pods Manifest.lock";
			outputFileListPaths = (
			);
			outputPaths = (
				"$(DERIVED_FILE_DIR)/Pods-CXTableView_Example-checkManifestLockResult.txt",
			);
			runOnlyForDeploymentPostprocessing = 0;
			shellPath = /bin/sh;
			shellScript = "diff \"${PODS_PODFILE_DIR_PATH}/Podfile.lock\" \"${PODS_ROOT}/Manifest.lock\" > /dev/null\nif [ $? != 0 ] ; then\n    # print error to STDERR\n    echo \"error: The sandbox is not in sync with the Podfile.lock. Run 'pod install' or update your CocoaPods installation.\" >&2\n    exit 1\nfi\n# This output is used by Xcode 'outputs' to avoid re-running this script phase.\necho \"SUCCESS\" > \"${SCRIPT_OUTPUT_FILE_0}\"\n";
			showEnvVarsInLog = 0;
		};
		5AA6CCBF724030CB7B68AD93 /* [CP] Embed Pods Frameworks */ = {
			isa = PBXShellScriptBuildPhase;
			buildActionMask = 2147483647;
			files = (
			);
			inputFileListPaths = (
			);
			inputPaths = (
				"${SRCROOT}/Pods/Target Support Files/Pods-CXTableView_Example/Pods-CXTableView_Example-frameworks.sh",
				"${BUILT_PRODUCTS_DIR}/CXTableView/CXTableView.framework",
			);
			name = "[CP] Embed Pods Frameworks";
			outputFileListPaths = (
			);
			outputPaths = (
				"${TARGET_BUILD_DIR}/${FRAMEWORKS_FOLDER_PATH}/CXTableView.framework",
			);
			runOnlyForDeploymentPostprocessing = 0;
			shellPath = /bin/sh;
			shellScript = "\"${SRCROOT}/Pods/Target Support Files/Pods-CXTableView_Example/Pods-CXTableView_Example-frameworks.sh\"\n";
			showEnvVarsInLog = 0;
		};
		8D409EBB06BE858BC659FBC5 /* [CP] Check Pods Manifest.lock */ = {
			isa = PBXShellScriptBuildPhase;
			buildActionMask = 2147483647;
			files = (
			);
			inputFileListPaths = (
			);
			inputPaths = (
				"${PODS_PODFILE_DIR_PATH}/Podfile.lock",
				"${PODS_ROOT}/Manifest.lock",
			);
			name = "[CP] Check Pods Manifest.lock";
			outputFileListPaths = (
			);
			outputPaths = (
				"$(DERIVED_FILE_DIR)/Pods-CXTableView_Tests-checkManifestLockResult.txt",
			);
			runOnlyForDeploymentPostprocessing = 0;
			shellPath = /bin/sh;
			shellScript = "diff \"${PODS_PODFILE_DIR_PATH}/Podfile.lock\" \"${PODS_ROOT}/Manifest.lock\" > /dev/null\nif [ $? != 0 ] ; then\n    # print error to STDERR\n    echo \"error: The sandbox is not in sync with the Podfile.lock. Run 'pod install' or update your CocoaPods installation.\" >&2\n    exit 1\nfi\n# This output is used by Xcode 'outputs' to avoid re-running this script phase.\necho \"SUCCESS\" > \"${SCRIPT_OUTPUT_FILE_0}\"\n";
			showEnvVarsInLog = 0;
		};
/* End PBXShellScriptBuildPhase section */

/* Begin PBXSourcesBuildPhase section */
		6003F586195388D20070C39A /* Sources */ = {
			isa = PBXSourcesBuildPhase;
			buildActionMask = 2147483647;
			files = (
				5A9DBE0822E33A930070B2A9 /* CXTableViewController.m in Sources */,
				5A9DBDEC22E312EB0070B2A9 /* CXDemoItem.m in Sources */,
				5A9DBE0E22E374B70070B2A9 /* CXDemo1ViewController.m in Sources */,
				5A9DBDE922E310E20070B2A9 /* CXDemoDataSource.m in Sources */,
				5AEA76D322E6FF290067604F /* UIScrollView+SVPullToRefresh.m in Sources */,
				5AEA76D422E6FF290067604F /* UIScrollView+SVInfiniteScrolling.m in Sources */,
				6003F59E195388D20070C39A /* CXAppDelegate.m in Sources */,
				5AFFA90122E6AAF300938904 /* CXTableView+CXEmpty.m in Sources */,
				5A9DBE0A22E33A930070B2A9 /* CXTableViewSectionModel.m in Sources */,
				5A9DBE0722E33A930070B2A9 /* CXTableView.m in Sources */,
				6003F5A7195388D20070C39A /* CXViewController.m in Sources */,
				5A10B2D322E3FD47006DD07A /* CXDemo1Item.m in Sources */,
				6003F59A195388D20070C39A /* main.m in Sources */,
				5A9DBDE622E310B80070B2A9 /* CXDemoTableViewCell.m in Sources */,
				5A10B2D022E3F84F006DD07A /* CXDemoAdapter.m in Sources */,
				5AEA76FD22E9AC870067604F /* CXResponder.m in Sources */,
				5AFFA90422E6DA6700938904 /* CXEmptyView.m in Sources */,
				5A9DBDEF22E317400070B2A9 /* CXDemo1TableViewCell.m in Sources */,
				5A9DBE0B22E33A930070B2A9 /* CXBaseTableViewCell.m in Sources */,
				5A9DBE0922E33A930070B2A9 /* CXTableViewDataSource.m in Sources */,
				5A9DBDF922E333CC0070B2A9 /* CXDemoViewController.m in Sources */,
				5AFFA90E22E6E61200938904 /* CXDemoTableViewDelegate.m in Sources */,
			);
			runOnlyForDeploymentPostprocessing = 0;
		};
		6003F5AA195388D20070C39A /* Sources */ = {
			isa = PBXSourcesBuildPhase;
			buildActionMask = 2147483647;
			files = (
				6003F5BC195388D20070C39A /* Tests.m in Sources */,
			);
			runOnlyForDeploymentPostprocessing = 0;
		};
/* End PBXSourcesBuildPhase section */

/* Begin PBXTargetDependency section */
		6003F5B4195388D20070C39A /* PBXTargetDependency */ = {
			isa = PBXTargetDependency;
			target = 6003F589195388D20070C39A /* CXTableView_Example */;
			targetProxy = 6003F5B3195388D20070C39A /* PBXContainerItemProxy */;
		};
/* End PBXTargetDependency section */

/* Begin PBXVariantGroup section */
		6003F596195388D20070C39A /* InfoPlist.strings */ = {
			isa = PBXVariantGroup;
			children = (
				6003F597195388D20070C39A /* en */,
			);
			name = InfoPlist.strings;
			sourceTree = "<group>";
		};
		6003F5B8195388D20070C39A /* InfoPlist.strings */ = {
			isa = PBXVariantGroup;
			children = (
				6003F5B9195388D20070C39A /* en */,
			);
			name = InfoPlist.strings;
			sourceTree = "<group>";
		};
		71719F9D1E33DC2100824A3D /* LaunchScreen.storyboard */ = {
			isa = PBXVariantGroup;
			children = (
				71719F9E1E33DC2100824A3D /* Base */,
			);
			name = LaunchScreen.storyboard;
			sourceTree = "<group>";
		};
/* End PBXVariantGroup section */

/* Begin XCBuildConfiguration section */
		6003F5BD195388D20070C39A /* Debug */ = {
			isa = XCBuildConfiguration;
			buildSettings = {
				ALWAYS_SEARCH_USER_PATHS = NO;
				CLANG_CXX_LANGUAGE_STANDARD = "gnu++0x";
				CLANG_CXX_LIBRARY = "libc++";
				CLANG_ENABLE_MODULES = YES;
				CLANG_ENABLE_OBJC_ARC = YES;
				CLANG_WARN_BLOCK_CAPTURE_AUTORELEASING = YES;
				CLANG_WARN_BOOL_CONVERSION = YES;
				CLANG_WARN_COMMA = YES;
				CLANG_WARN_CONSTANT_CONVERSION = YES;
				CLANG_WARN_DEPRECATED_OBJC_IMPLEMENTATIONS = YES;
				CLANG_WARN_DIRECT_OBJC_ISA_USAGE = YES_ERROR;
				CLANG_WARN_EMPTY_BODY = YES;
				CLANG_WARN_ENUM_CONVERSION = YES;
				CLANG_WARN_INFINITE_RECURSION = YES;
				CLANG_WARN_INT_CONVERSION = YES;
				CLANG_WARN_NON_LITERAL_NULL_CONVERSION = YES;
				CLANG_WARN_OBJC_IMPLICIT_RETAIN_SELF = YES;
				CLANG_WARN_OBJC_LITERAL_CONVERSION = YES;
				CLANG_WARN_OBJC_ROOT_CLASS = YES_ERROR;
				CLANG_WARN_RANGE_LOOP_ANALYSIS = YES;
				CLANG_WARN_STRICT_PROTOTYPES = YES;
				CLANG_WARN_SUSPICIOUS_MOVE = YES;
				CLANG_WARN_UNREACHABLE_CODE = YES;
				CLANG_WARN__DUPLICATE_METHOD_MATCH = YES;
				"CODE_SIGN_IDENTITY[sdk=iphoneos*]" = "iPhone Developer";
				COPY_PHASE_STRIP = NO;
				ENABLE_STRICT_OBJC_MSGSEND = YES;
				ENABLE_TESTABILITY = YES;
				GCC_C_LANGUAGE_STANDARD = gnu99;
				GCC_DYNAMIC_NO_PIC = NO;
				GCC_NO_COMMON_BLOCKS = YES;
				GCC_OPTIMIZATION_LEVEL = 0;
				GCC_PREPROCESSOR_DEFINITIONS = (
					"DEBUG=1",
					"$(inherited)",
				);
				GCC_SYMBOLS_PRIVATE_EXTERN = NO;
				GCC_WARN_64_TO_32_BIT_CONVERSION = YES;
				GCC_WARN_ABOUT_RETURN_TYPE = YES_ERROR;
				GCC_WARN_UNDECLARED_SELECTOR = YES;
				GCC_WARN_UNINITIALIZED_AUTOS = YES_AGGRESSIVE;
				GCC_WARN_UNUSED_FUNCTION = YES;
				GCC_WARN_UNUSED_VARIABLE = YES;
				IPHONEOS_DEPLOYMENT_TARGET = 9.3;
				ONLY_ACTIVE_ARCH = YES;
				SDKROOT = iphoneos;
				TARGETED_DEVICE_FAMILY = "1,2";
			};
			name = Debug;
		};
		6003F5BE195388D20070C39A /* Release */ = {
			isa = XCBuildConfiguration;
			buildSettings = {
				ALWAYS_SEARCH_USER_PATHS = NO;
				CLANG_CXX_LANGUAGE_STANDARD = "gnu++0x";
				CLANG_CXX_LIBRARY = "libc++";
				CLANG_ENABLE_MODULES = YES;
				CLANG_ENABLE_OBJC_ARC = YES;
				CLANG_WARN_BLOCK_CAPTURE_AUTORELEASING = YES;
				CLANG_WARN_BOOL_CONVERSION = YES;
				CLANG_WARN_COMMA = YES;
				CLANG_WARN_CONSTANT_CONVERSION = YES;
				CLANG_WARN_DEPRECATED_OBJC_IMPLEMENTATIONS = YES;
				CLANG_WARN_DIRECT_OBJC_ISA_USAGE = YES_ERROR;
				CLANG_WARN_EMPTY_BODY = YES;
				CLANG_WARN_ENUM_CONVERSION = YES;
				CLANG_WARN_INFINITE_RECURSION = YES;
				CLANG_WARN_INT_CONVERSION = YES;
				CLANG_WARN_NON_LITERAL_NULL_CONVERSION = YES;
				CLANG_WARN_OBJC_IMPLICIT_RETAIN_SELF = YES;
				CLANG_WARN_OBJC_LITERAL_CONVERSION = YES;
				CLANG_WARN_OBJC_ROOT_CLASS = YES_ERROR;
				CLANG_WARN_RANGE_LOOP_ANALYSIS = YES;
				CLANG_WARN_STRICT_PROTOTYPES = YES;
				CLANG_WARN_SUSPICIOUS_MOVE = YES;
				CLANG_WARN_UNREACHABLE_CODE = YES;
				CLANG_WARN__DUPLICATE_METHOD_MATCH = YES;
				"CODE_SIGN_IDENTITY[sdk=iphoneos*]" = "iPhone Developer";
				COPY_PHASE_STRIP = YES;
				ENABLE_NS_ASSERTIONS = NO;
				ENABLE_STRICT_OBJC_MSGSEND = YES;
				GCC_C_LANGUAGE_STANDARD = gnu99;
				GCC_NO_COMMON_BLOCKS = YES;
				GCC_WARN_64_TO_32_BIT_CONVERSION = YES;
				GCC_WARN_ABOUT_RETURN_TYPE = YES_ERROR;
				GCC_WARN_UNDECLARED_SELECTOR = YES;
				GCC_WARN_UNINITIALIZED_AUTOS = YES_AGGRESSIVE;
				GCC_WARN_UNUSED_FUNCTION = YES;
				GCC_WARN_UNUSED_VARIABLE = YES;
				IPHONEOS_DEPLOYMENT_TARGET = 9.3;
				SDKROOT = iphoneos;
				TARGETED_DEVICE_FAMILY = "1,2";
				VALIDATE_PRODUCT = YES;
			};
			name = Release;
		};
		6003F5C0195388D20070C39A /* Debug */ = {
			isa = XCBuildConfiguration;
			baseConfigurationReference = 92761CB374DC4B0AFB1FAB8F /* Pods-CXTableView_Example.debug.xcconfig */;
			buildSettings = {
				ASSETCATALOG_COMPILER_APPICON_NAME = AppIcon;
				DEVELOPMENT_TEAM = SAD9GVSU92;
				GCC_PRECOMPILE_PREFIX_HEADER = YES;
				GCC_PREFIX_HEADER = "CXTableView/CXTableView-Prefix.pch";
				INFOPLIST_FILE = "CXTableView/CXTableView-Info.plist";
				MODULE_NAME = ExampleApp;
				PRODUCT_BUNDLE_IDENTIFIER = "org.cocoapods.demo.${PRODUCT_NAME:rfc1034identifier}";
				PRODUCT_NAME = "$(TARGET_NAME)";
				SWIFT_VERSION = 4.0;
				WRAPPER_EXTENSION = app;
			};
			name = Debug;
		};
		6003F5C1195388D20070C39A /* Release */ = {
			isa = XCBuildConfiguration;
			baseConfigurationReference = E5613A326726169D20525ED0 /* Pods-CXTableView_Example.release.xcconfig */;
			buildSettings = {
				ASSETCATALOG_COMPILER_APPICON_NAME = AppIcon;
				DEVELOPMENT_TEAM = SAD9GVSU92;
				GCC_PRECOMPILE_PREFIX_HEADER = YES;
				GCC_PREFIX_HEADER = "CXTableView/CXTableView-Prefix.pch";
				INFOPLIST_FILE = "CXTableView/CXTableView-Info.plist";
				MODULE_NAME = ExampleApp;
				PRODUCT_BUNDLE_IDENTIFIER = "org.cocoapods.demo.${PRODUCT_NAME:rfc1034identifier}";
				PRODUCT_NAME = "$(TARGET_NAME)";
				SWIFT_VERSION = 4.0;
				WRAPPER_EXTENSION = app;
			};
			name = Release;
		};
		6003F5C3195388D20070C39A /* Debug */ = {
			isa = XCBuildConfiguration;
			baseConfigurationReference = F3E9BD62BABD9E2515AE9420 /* Pods-CXTableView_Tests.debug.xcconfig */;
			buildSettings = {
				BUNDLE_LOADER = "$(TEST_HOST)";
				FRAMEWORK_SEARCH_PATHS = (
					"$(PLATFORM_DIR)/Developer/Library/Frameworks",
					"$(inherited)",
					"$(DEVELOPER_FRAMEWORKS_DIR)",
				);
				GCC_PRECOMPILE_PREFIX_HEADER = YES;
				GCC_PREFIX_HEADER = "Tests/Tests-Prefix.pch";
				GCC_PREPROCESSOR_DEFINITIONS = (
					"DEBUG=1",
					"$(inherited)",
				);
				INFOPLIST_FILE = "Tests/Tests-Info.plist";
				PRODUCT_BUNDLE_IDENTIFIER = "org.cocoapods.demo.${PRODUCT_NAME:rfc1034identifier}";
				PRODUCT_NAME = "$(TARGET_NAME)";
				SWIFT_VERSION = 4.0;
				TEST_HOST = "$(BUILT_PRODUCTS_DIR)/CXTableView_Example.app/CXTableView_Example";
				WRAPPER_EXTENSION = xctest;
			};
			name = Debug;
		};
		6003F5C4195388D20070C39A /* Release */ = {
			isa = XCBuildConfiguration;
			baseConfigurationReference = 9922E56210FD7C41C8C2185C /* Pods-CXTableView_Tests.release.xcconfig */;
			buildSettings = {
				BUNDLE_LOADER = "$(TEST_HOST)";
				FRAMEWORK_SEARCH_PATHS = (
					"$(PLATFORM_DIR)/Developer/Library/Frameworks",
					"$(inherited)",
					"$(DEVELOPER_FRAMEWORKS_DIR)",
				);
				GCC_PRECOMPILE_PREFIX_HEADER = YES;
				GCC_PREFIX_HEADER = "Tests/Tests-Prefix.pch";
				INFOPLIST_FILE = "Tests/Tests-Info.plist";
				PRODUCT_BUNDLE_IDENTIFIER = "org.cocoapods.demo.${PRODUCT_NAME:rfc1034identifier}";
				PRODUCT_NAME = "$(TARGET_NAME)";
				SWIFT_VERSION = 4.0;
				TEST_HOST = "$(BUILT_PRODUCTS_DIR)/CXTableView_Example.app/CXTableView_Example";
				WRAPPER_EXTENSION = xctest;
			};
			name = Release;
		};
/* End XCBuildConfiguration section */

/* Begin XCConfigurationList section */
		6003F585195388D10070C39A /* Build configuration list for PBXProject "CXTableView" */ = {
			isa = XCConfigurationList;
			buildConfigurations = (
				6003F5BD195388D20070C39A /* Debug */,
				6003F5BE195388D20070C39A /* Release */,
			);
			defaultConfigurationIsVisible = 0;
			defaultConfigurationName = Release;
		};
		6003F5BF195388D20070C39A /* Build configuration list for PBXNativeTarget "CXTableView_Example" */ = {
			isa = XCConfigurationList;
			buildConfigurations = (
				6003F5C0195388D20070C39A /* Debug */,
				6003F5C1195388D20070C39A /* Release */,
			);
			defaultConfigurationIsVisible = 0;
			defaultConfigurationName = Release;
		};
		6003F5C2195388D20070C39A /* Build configuration list for PBXNativeTarget "CXTableView_Tests" */ = {
			isa = XCConfigurationList;
			buildConfigurations = (
				6003F5C3195388D20070C39A /* Debug */,
				6003F5C4195388D20070C39A /* Release */,
			);
			defaultConfigurationIsVisible = 0;
			defaultConfigurationName = Release;
		};
/* End XCConfigurationList section */
	};
	rootObject = 6003F582195388D10070C39A /* Project object */;
}
